
Microsoft Visual Studio Solution File, Format Version 12.00
# Visual Studio Version 17
VisualStudioVersion = 17.2.32630.192
MinimumVisualStudioVersion = 10.0.40219.1
Project("{9A19103F-16F7-4668-BE54-9A1E7A4F7556}") = "RepostaryPattren.Core", "RepostariyPattern.Core\RepostaryPattren.Core.csproj", "{323376E9-D266-4796-85D5-422D199EFD90}"
EndProject
Project("{9A19103F-16F7-4668-BE54-9A1E7A4F7556}") = "RepostaryPattren.Api", "ReapsotritPattren.Api\RepostaryPattren.Api.csproj", "{FA943B85-0A4E-4B9E-970E-B6BDD7D39339}"
EndProject
Project("{FAE04EC0-301F-11D3-BF4B-00C04F79EFBC}") = "RepostaryPattren.Data", "RepostaryPattren.Data\RepostaryPattren.Data.csproj", "{46CCB86B-80FC-499D-A8EB-A11F974B21F7}"
EndProject
Global
	GlobalSection(SolutionConfigurationPlatforms) = preSolution
		Debug|Any CPU = Debug|Any CPU
		Release|Any CPU = Release|Any CPU
	EndGlobalSection
	GlobalSection(ProjectConfigurationPlatforms) = postSolution
		{323376E9-D266-4796-85D5-422D199EFD90}.Debug|Any CPU.ActiveCfg = Debug|Any CPU
		{323376E9-D266-4796-85D5-422D199EFD90}.Debug|Any CPU.Build.0 = Debug|Any CPU
		{323376E9-D266-4796-85D5-422D199EFD90}.Release|Any CPU.ActiveCfg = Release|Any CPU
		{323376E9-D266-4796-85D5-422D199EFD90}.Release|Any CPU.Build.0 = Release|Any CPU
		{FA943B85-0A4E-4B9E-970E-B6BDD7D39339}.Debug|Any CPU.ActiveCfg = Debug|Any CPU
		{FA943B85-0A4E-4B9E-970E-B6BDD7D39339}.Debug|Any CPU.Build.0 = Debug|Any CPU
		{FA943B85-0A4E-4B9E-970E-B6BDD7D39339}.Release|Any CPU.ActiveCfg = Release|Any CPU
		{FA943B85-0A4E-4B9E-970E-B6BDD7D39339}.Release|Any CPU.Build.0 = Release|Any CPU
		{46CCB86B-80FC-499D-A8EB-A11F974B21F7}.Debug|Any CPU.ActiveCfg = Debug|Any CPU
		{46CCB86B-80FC-499D-A8EB-A11F974B21F7}.Debug|Any CPU.Build.0 = Debug|Any CPU
		{46CCB86B-80FC-499D-A8EB-A11F974B21F7}.Release|Any CPU.ActiveCfg = Release|Any CPU
		{46CCB86B-80FC-499D-A8EB-A11F974B21F7}.Release|Any CPU.Build.0 = Release|Any CPU
	EndGlobalSection
	GlobalSection(SolutionProperties) = preSolution
		HideSolutionNode = FALSE
	EndGlobalSection
	GlobalSection(ExtensibilityGlobals) = postSolution
		SolutionGuid = {4E192924-61E7-45EE-8879-7F2084EA76AE}
	EndGlobalSection
EndGlobal
